{
  "name": "@space/ide",
  "version": "0.0.1",
  "lockfileVersion": 1,
  "requires": true,
  "dependencies": {
    "@meteor-it/ajson": {
      "version": "0.1.3",
      "resolved": "https://registry.npmjs.org/@meteor-it/ajson/-/ajson-0.1.3.tgz",
      "integrity": "sha1-pZhjaEJQJ/yNse+SOqHvEHq6Fsk="
    },
    "@meteor-it/emoji": {
      "version": "0.1.2",
      "resolved": "https://registry.npmjs.org/@meteor-it/emoji/-/emoji-0.1.2.tgz",
      "integrity": "sha1-xI+AaHLfR2YgEedYBVv7+0az29g="
    },
    "@meteor-it/logger": {
      "version": "0.1.4",
      "resolved": "https://registry.npmjs.org/@meteor-it/logger/-/logger-0.1.4.tgz",
      "integrity": "sha1-UVHDC8cecZ7ZP2QBk0pa+00/nYE="
    },
    "@meteor-it/logger-receiver-browser-console": {
      "version": "0.1.2",
      "resolved": "https://registry.npmjs.org/@meteor-it/logger-receiver-browser-console/-/logger-receiver-browser-console-0.1.2.tgz",
      "integrity": "sha1-LROBU7gY9a63OK81oZhPXGiGGco="
    },
    "@meteor-it/logger-receiver-node-console": {
      "version": "0.1.2",
      "resolved": "https://registry.npmjs.org/@meteor-it/logger-receiver-node-console/-/logger-receiver-node-console-0.1.2.tgz",
      "integrity": "sha1-1EgSJqW35srsWolTNGIma1wXbPw="
    },
    "@meteor-it/platform": {
      "version": "0.1.2",
      "resolved": "https://registry.npmjs.org/@meteor-it/platform/-/platform-0.1.2.tgz",
      "integrity": "sha1-Ylyddz9xWSYDFxP05UZk1Y3wds8="
    },
    "@meteor-it/reflection": {
      "version": "0.1.2",
      "resolved": "https://registry.npmjs.org/@meteor-it/reflection/-/reflection-0.1.2.tgz",
      "integrity": "sha1-AvBXtDS6U3WafD9ZajQAmL7/GDc="
    },
    "@meteor-it/terminal": {
      "version": "0.1.2",
      "resolved": "https://registry.npmjs.org/@meteor-it/terminal/-/terminal-0.1.2.tgz",
      "integrity": "sha1-zJPYcde5lnss8t3fvmcPWuoeWzY="
    },
    "@meteor-it/utils": {
      "version": "1.0.0",
      "resolved": "https://registry.npmjs.org/@meteor-it/utils/-/utils-1.0.0.tgz",
      "integrity": "sha1-+A7crmcKll2zUnnTx0r3/Wp9TNo="
    },
    "@meteor-it/utils-common": {
      "version": "0.1.2",
      "resolved": "https://registry.npmjs.org/@meteor-it/utils-common/-/utils-common-0.1.2.tgz",
      "integrity": "sha1-JznxtV5hbVsX+EqYMErHrSzME6o="
    },
    "@meteor-it/xpress": {
      "version": "2.0.2",
      "resolved": "https://registry.npmjs.org/@meteor-it/xpress/-/xpress-2.0.2.tgz",
      "integrity": "sha1-BQcx+Evwxu6fXtuGkXWeoY8r+UQ="
    },
    "@types/node": {
      "version": "8.0.7",
      "resolved": "https://registry.npmjs.org/@types/node/-/node-8.0.7.tgz",
      "integrity": "sha512-fuCPLPe4yY0nv6Z1rTLFCEC452jl0k7i3gF/c8hdEKpYtEpt6Sk67hTGbxx8C0wmifFGPvKYd/O8CvS6dpgxMQ=="
    },
    "accepts": {
      "version": "1.3.3",
      "resolved": "https://registry.npmjs.org/accepts/-/accepts-1.3.3.tgz",
      "integrity": "sha1-w8p0NJOGSMPg2cHjKN1otiLChMo="
    },
    "acorn": {
      "version": "5.0.3",
      "resolved": "https://registry.npmjs.org/acorn/-/acorn-5.0.3.tgz",
      "integrity": "sha1-xGDfCEkUY/AozLguqzcwvwEIez0="
    },
    "acorn-dynamic-import": {
      "version": "2.0.2",
      "resolved": "https://registry.npmjs.org/acorn-dynamic-import/-/acorn-dynamic-import-2.0.2.tgz",
      "integrity": "sha1-x1K9IQvvZ5UBtsbLf8hPj0cVjMQ=",
      "dependencies": {
        "acorn": {
          "version": "4.0.13",
          "resolved": "https://registry.npmjs.org/acorn/-/acorn-4.0.13.tgz",
          "integrity": "sha1-EFSVrlNh1pe9GVyCUZLhrX8lN4c="
        }
      }
    },
    "ajv": {
      "version": "5.2.0",
      "resolved": "https://registry.npmjs.org/ajv/-/ajv-5.2.0.tgz",
      "integrity": "sha1-wXNQJMXaLvdcwZBxMHPUTwmL9IY="
    },
    "ajv-keywords": {
      "version": "2.1.0",
      "resolved": "https://registry.npmjs.org/ajv-keywords/-/ajv-keywords-2.1.0.tgz",
      "integrity": "sha1-opbhf3v658HOT34N5T0pyzIWLfA="
    },
    "align-text": {
      "version": "0.1.4",
      "resolved": "https://registry.npmjs.org/align-text/-/align-text-0.1.4.tgz",
      "integrity": "sha1-DNkKVhCT810KmSVsIrcGlDP60Rc=",
      "dependencies": {
        "kind-of": {
          "version": "3.2.2",
          "resolved": "https://registry.npmjs.org/kind-of/-/kind-of-3.2.2.tgz",
          "integrity": "sha1-MeohpzS6ubuw8yRm2JOupR5KPGQ="
        }
      }
    },
    "alphanum-sort": {
      "version": "1.0.2",
      "resolved": "https://registry.npmjs.org/alphanum-sort/-/alphanum-sort-1.0.2.tgz",
      "integrity": "sha1-l6ERlkmyEa0zaR2fn0hqjsn74KM="
    },
    "amdefine": {
      "version": "1.0.1",
      "resolved": "https://registry.npmjs.org/amdefine/-/amdefine-1.0.1.tgz",
      "integrity": "sha1-SlKCrBZHKek2Gbz9OtFR+BfOkfU="
    },
    "ansi-html": {
      "version": "0.0.7",
      "resolved": "https://registry.npmjs.org/ansi-html/-/ansi-html-0.0.7.tgz",
      "integrity": "sha1-gTWEAhliqenm/QOflA0S9WynhZ4="
    },
    "ansi-regex": {
      "version": "2.1.1",
      "resolved": "https://registry.npmjs.org/ansi-regex/-/ansi-regex-2.1.1.tgz",
      "integrity": "sha1-w7M6te42DYbg5ijwRorn7yfWVN8="
    },
    "ansi-styles": {
      "version": "3.1.0",
      "resolved": "https://registry.npmjs.org/ansi-styles/-/ansi-styles-3.1.0.tgz",
      "integrity": "sha1-CcIC1ckX7CMYjKpcnLkXnNlUd1A="
    },
    "anymatch": {
      "version": "1.3.0",
      "resolved": "https://registry.npmjs.org/anymatch/-/anymatch-1.3.0.tgz",
      "integrity": "sha1-o+Uvo5FoyCX/V7AkgSbOWo/5VQc=",
      "dependencies": {
        "arr-diff": {
          "version": "2.0.0",
          "resolved": "https://registry.npmjs.org/arr-diff/-/arr-diff-2.0.0.tgz",
          "integrity": "sha1-jzuCf5Vai9ZpaX5KQlasPOrjVs8="
        },
        "array-unique": {
          "version": "0.2.1",
          "resolved": "https://registry.npmjs.org/array-unique/-/array-unique-0.2.1.tgz",
          "integrity": "sha1-odl8yvy8JiXMcPrc6zalDFiwGlM="
        },
        "braces": {
          "version": "1.8.5",
          "resolved": "https://registry.npmjs.org/braces/-/braces-1.8.5.tgz",
          "integrity": "sha1-uneWLhLf+WnWt2cR6RS3N4V79qc="
        },
        "expand-brackets": {
          "version": "0.1.5",
          "resolved": "https://registry.npmjs.org/expand-brackets/-/expand-brackets-0.1.5.tgz",
          "integrity": "sha1-3wcoTjQqgHzXM6xa9yQR5YHRF3s="
        },
        "extglob": {
          "version": "0.3.2",
          "resolved": "https://registry.npmjs.org/extglob/-/extglob-0.3.2.tgz",
          "integrity": "sha1-Lhj/PS9JqydlzskCPwEdqo2DSaE="
        },
        "is-extglob": {
          "version": "1.0.0",
          "resolved": "https://registry.npmjs.org/is-extglob/-/is-extglob-1.0.0.tgz",
          "integrity": "sha1-rEaBd8SUNAWgkvyPKXYMb/xiBsA="
        },
        "kind-of": {
          "version": "3.2.2",
          "resolved": "https://registry.npmjs.org/kind-of/-/kind-of-3.2.2.tgz",
          "integrity": "sha1-MeohpzS6ubuw8yRm2JOupR5KPGQ="
        },
        "micromatch": {
          "version": "2.3.11",
          "resolved": "https://registry.npmjs.org/micromatch/-/micromatch-2.3.11.tgz",
          "integrity": "sha1-hmd8l9FyCzY0MdBNDRUpO9OMFWU="
        }
      }
    },
    "argparse": {
      "version": "1.0.9",
      "resolved": "https://registry.npmjs.org/argparse/-/argparse-1.0.9.tgz",
      "integrity": "sha1-c9g7wmP4bpf4zE9rrhsOkKfSLIY="
    },
    "arr-diff": {
      "version": "4.0.0",
      "resolved": "https://registry.npmjs.org/arr-diff/-/arr-diff-4.0.0.tgz",
      "integrity": "sha1-1kYQdP6/7HHn4VI1dhoyml3HxSA="
    },
    "arr-flatten": {
      "version": "1.0.3",
      "resolved": "https://registry.npmjs.org/arr-flatten/-/arr-flatten-1.0.3.tgz",
      "integrity": "sha1-onTthawIhJtr14R8RYB0XcUa37E="
    },
    "arr-union": {
      "version": "3.1.0",
      "resolved": "https://registry.npmjs.org/arr-union/-/arr-union-3.1.0.tgz",
      "integrity": "sha1-45sJrqne+Gao8gbiiK9jkZuuOcQ="
    },
    "array-find-index": {
      "version": "1.0.2",
      "resolved": "https://registry.npmjs.org/array-find-index/-/array-find-index-1.0.2.tgz",
      "integrity": "sha1-3wEKoSh+Fku9pvlyOwqWoexBh6E="
    },
    "array-flatten": {
      "version": "2.1.1",
      "resolved": "https://registry.npmjs.org/array-flatten/-/array-flatten-2.1.1.tgz",
      "integrity": "sha1-Qmu52oQJDBg42BLIFQryCoMx4pY="
    },
    "array-union": {
      "version": "1.0.2",
      "resolved": "https://registry.npmjs.org/array-union/-/array-union-1.0.2.tgz",
      "integrity": "sha1-mjRBDk9OPaI96jdb5b5w8kd47Dk="
    },
    "array-uniq": {
      "version": "1.0.3",
      "resolved": "https://registry.npmjs.org/array-uniq/-/array-uniq-1.0.3.tgz",
      "integrity": "sha1-r2rId6Jcx/dOBYiUdThY39sk/bY="
    },
    "array-unique": {
      "version": "0.3.2",
      "resolved": "https://registry.npmjs.org/array-unique/-/array-unique-0.3.2.tgz",
      "integrity": "sha1-qJS3XUvE9s1nnvMkSp/Y9Gri1Cg="
    },
    "arrify": {
      "version": "1.0.1",
      "resolved": "https://registry.npmjs.org/arrify/-/arrify-1.0.1.tgz",
      "integrity": "sha1-iYUI2iIm84DfkEcoRWhJwVAaSw0="
    },
    "asap": {
      "version": "2.0.5",
      "resolved": "https://registry.npmjs.org/asap/-/asap-2.0.5.tgz",
      "integrity": "sha1-UidltQw1EEkOUtfc/ghe+bqWlY8="
    },
    "asn1": {
      "version": "0.2.3",
      "resolved": "https://registry.npmjs.org/asn1/-/asn1-0.2.3.tgz",
      "integrity": "sha1-2sh4dxPJlmhJ/IGAd36+nB3fO4Y="
    },
    "asn1.js": {
      "version": "4.9.1",
      "resolved": "https://registry.npmjs.org/asn1.js/-/asn1.js-4.9.1.tgz",
      "integrity": "sha1-SLokC0WpKA6UdImQull9IWYX/UA="
    },
    "assert": {
      "version": "1.4.1",
      "resolved": "https://registry.npmjs.org/assert/-/assert-1.4.1.tgz",
      "integrity": "sha1-mZEtWRg2tab1s0XA8H7vwI/GXZE="
    },
    "assert-plus": {
      "version": "0.2.0",
      "resolved": "https://registry.npmjs.org/assert-plus/-/assert-plus-0.2.0.tgz",
      "integrity": "sha1-104bh+ev/A24qttwIfP+SBAasjQ="
    },
    "async": {
      "version": "2.5.0",
      "resolved": "https://registry.npmjs.org/async/-/async-2.5.0.tgz",
      "integrity": "sha512-e+lJAJeNWuPCNyxZKOBdaJGyLGHugXVQtrAwtuAe2vhxTYxFTKE73p8JuTmdH0qdQZtDvI4dhJwjZc5zsfIsYw=="
    },
    "async-each": {
      "version": "1.0.1",
      "resolved": "https://registry.npmjs.org/async-each/-/async-each-1.0.1.tgz",
      "integrity": "sha1-GdOGodntxufByF04iu28xW0zYC0="
    },
    "asynckit": {
      "version": "0.4.0",
      "resolved": "https://registry.npmjs.org/asynckit/-/asynckit-0.4.0.tgz",
      "integrity": "sha1-x57Zf380y48robyXkLzDZkdLS3k="
    },
    "atob": {
      "version": "2.0.3",
      "resolved": "https://registry.npmjs.org/atob/-/atob-2.0.3.tgz",
      "integrity": "sha1-GcenYEc3dEaPILLS0DNyrX1Mv10="
    },
    "autoprefixer": {
      "version": "7.1.1",
      "resolved": "https://registry.npmjs.org/autoprefixer/-/autoprefixer-7.1.1.tgz",
      "integrity": "sha1-l7yFTH0Ll5+NZIneVHoNF/swf20="
    },
    "awesome-typescript-loader": {
      "version": "3.2.1",
      "resolved": "https://registry.npmjs.org/awesome-typescript-loader/-/awesome-typescript-loader-3.2.1.tgz",
      "integrity": "sha512-/4abhqe5+wX/hQrquLT95o3QkaUCkzOfC6XQZcbk5sxI5V4rxcA3az7DQRHoHL2EWn7mnP3orzNfkjZAA/TVzA=="
    },
    "aws-sign2": {
      "version": "0.6.0",
      "resolved": "https://registry.npmjs.org/aws-sign2/-/aws-sign2-0.6.0.tgz",
      "integrity": "sha1-FDQt0428yU0OW4fXY81jYSwOeU8="
    },
    "aws4": {
      "version": "1.6.0",
      "resolved": "https://registry.npmjs.org/aws4/-/aws4-1.6.0.tgz",
      "integrity": "sha1-g+9cqGCysy5KDe7e6MdxudtXRx4="
    },
    "babel-code-frame": {
      "version": "6.22.0",
      "resolved": "https://registry.npmjs.org/babel-code-frame/-/babel-code-frame-6.22.0.tgz",
      "integrity": "sha1-AnYgvuVnqIwyVhV05/0IAdMxGOQ=",
      "dependencies": {
        "ansi-styles": {
          "version": "2.2.1",
          "resolved": "https://registry.npmjs.org/ansi-styles/-/ansi-styles-2.2.1.tgz",
          "integrity": "sha1-tDLdM1i2NM914eRmQ2gkBTPB3b4="
        },
        "chalk": {
          "version": "1.1.3",
          "resolved": "https://registry.npmjs.org/chalk/-/chalk-1.1.3.tgz",
          "integrity": "sha1-qBFcVeSnAv5NFQq9OHKCKn4J/Jg="
        },
        "supports-color": {
          "version": "2.0.0",
          "resolved": "https://registry.npmjs.org/supports-color/-/supports-color-2.0.0.tgz",
          "integrity": "sha1-U10EXOa2Nj+kARcIRimZXp3zJMc="
        }
      }
    },
    "babel-messages": {
      "version": "6.23.0",
      "resolved": "https://registry.npmjs.org/babel-messages/-/babel-messages-6.23.0.tgz",
      "integrity": "sha1-8830cDhYA1sqKVHG7F7fbGLyYw4="
    },
    "babel-runtime": {
      "version": "6.23.0",
      "resolved": "https://registry.npmjs.org/babel-runtime/-/babel-runtime-6.23.0.tgz",
      "integrity": "sha1-CpSJ8UTecO+zzkMArM2zKeL8VDs=",
      "dependencies": {
        "core-js": {
          "version": "2.4.1",
          "resolved": "https://registry.npmjs.org/core-js/-/core-js-2.4.1.tgz",
          "integrity": "sha1-TekR5mew6ukSTjQlS1OupvxhjT4="
        }
      }
    },
    "babel-template": {
      "version": "6.25.0",
      "resolved": "https://registry.npmjs.org/babel-template/-/babel-template-6.25.0.tgz",
      "integrity": "sha1-ZlJBFmt8KqTGGdceGSlpVSsQwHE="
    },
    "babel-traverse": {
      "version": "6.25.0",
      "resolved": "https://registry.npmjs.org/babel-traverse/-/babel-traverse-6.25.0.tgz",
      "integrity": "sha1-IldJfi/NGbie3BPEyROB+VEklvE="
    },
    "babel-types": {
      "version": "6.25.0",
      "resolved": "https://registry.npmjs.org/babel-types/-/babel-types-6.25.0.tgz",
      "integrity": "sha1-cK+ySNVmDl0Y+BHZHIMDtUE0oY4="
    },
    "babylon": {
      "version": "6.17.4",
      "resolved": "https://registry.npmjs.org/babylon/-/babylon-6.17.4.tgz",
      "integrity": "sha512-kChlV+0SXkjE0vUn9OZ7pBMWRFd8uq3mZe8x1K6jhuNcAFAtEnjchFAqB+dYEXKyd+JpT6eppRR78QAr5gTsUw=="
    },
    "balanced-match": {
      "version": "0.4.2",
      "resolved": "https://registry.npmjs.org/balanced-match/-/balanced-match-0.4.2.tgz",
      "integrity": "sha1-yz8+PHMtwPAe5wtAPzAuYddwmDg="
    },
    "base": {
      "version": "0.11.1",
      "resolved": "https://registry.npmjs.org/base/-/base-0.11.1.tgz",
      "integrity": "sha1-s2p/ERE4U6NCoVaR2Y4tzIpswnA=",
      "dependencies": {
        "define-property": {
          "version": "0.2.5",
          "resolved": "https://registry.npmjs.org/define-property/-/define-property-0.2.5.tgz",
          "integrity": "sha1-w1se+RjsPJkPmlvFe+BKrOxcgRY="
        },
        "is-descriptor": {
          "version": "0.1.5",
          "resolved": "https://registry.npmjs.org/is-descriptor/-/is-descriptor-0.1.5.tgz",
          "integrity": "sha1-4/uLSrZfOjc3M4jhi0AdeMWMvqc="
        },
        "isobject": {
          "version": "2.1.0",
          "resolved": "https://registry.npmjs.org/isobject/-/isobject-2.1.0.tgz",
          "integrity": "sha1-8GVWEJaj8dou9GJy+BXIQNh+DIk="
        },
        "kind-of": {
          "version": "3.2.2",
          "resolved": "https://registry.npmjs.org/kind-of/-/kind-of-3.2.2.tgz",
          "integrity": "sha1-MeohpzS6ubuw8yRm2JOupR5KPGQ="
        }
      }
    },
    "base64-js": {
      "version": "1.2.1",
      "resolved": "https://registry.npmjs.org/base64-js/-/base64-js-1.2.1.tgz",
      "integrity": "sha512-dwVUVIXsBZXwTuwnXI9RK8sBmgq09NDHzyR9SAph9eqk76gKK2JSQmZARC2zRC81JC2QTtxD0ARU5qTS25gIGw=="
    },
    "batch": {
      "version": "0.6.1",
      "resolved": "https://registry.npmjs.org/batch/-/batch-0.6.1.tgz",
      "integrity": "sha1-3DQxT05nkxgJP8dgJyUl+UvyXBY="
    },
    "bcrypt-pbkdf": {
      "version": "1.0.1",
      "resolved": "https://registry.npmjs.org/bcrypt-pbkdf/-/bcrypt-pbkdf-1.0.1.tgz",
      "integrity": "sha1-Y7xdy2EzG5K8Bf1SiVPDNGKgb40="
    },
    "big.js": {
      "version": "3.1.3",
      "resolved": "https://registry.npmjs.org/big.js/-/big.js-3.1.3.tgz",
      "integrity": "sha1-TK2iGTZS6zyp7I5VyQFWacmAaXg="
    },
    "binary-extensions": {
      "version": "1.8.0",
      "resolved": "https://registry.npmjs.org/binary-extensions/-/binary-extensions-1.8.0.tgz",
      "integrity": "sha1-SOyNFt9Dd+rl+liEaCSAr02Vx3Q="
    },
    "bluebird": {
      "version": "3.5.0",
      "resolved": "https://registry.npmjs.org/bluebird/-/bluebird-3.5.0.tgz",
      "integrity": "sha1-eRQg1/VR7qKJdFOop3ZT+WYG1nw="
    },
    "bn.js": {
      "version": "4.11.7",
      "resolved": "https://registry.npmjs.org/bn.js/-/bn.js-4.11.7.tgz",
      "integrity": "sha512-LxFiV5mefv0ley0SzqkOPR1bC4EbpPx8LkOz5vMe/Yi15t5hzwgO/G+tc7wOtL4PZTYjwHu8JnEiSLumuSjSfA=="
    },
    "bonjour": {
      "version": "3.5.0",
      "resolved": "https://registry.npmjs.org/bonjour/-/bonjour-3.5.0.tgz",
      "integrity": "sha1-jokKGD2O6aI5OzhExpGkK897yfU="
    },
    "boolbase": {
      "version": "1.0.0",
      "resolved": "https://registry.npmjs.org/boolbase/-/boolbase-1.0.0.tgz",
      "integrity": "sha1-aN/1++YMUes3cl6p4+0xDcwed24="
    },
    "boom": {
      "version": "2.10.1",
      "resolved": "https://registry.npmjs.org/boom/-/boom-2.10.1.tgz",
      "integrity": "sha1-OciRjO/1eZ+D+UkqhI9iWt0Mdm8="
    },
    "brace-expansion": {
      "version": "1.1.8",
      "resolved": "https://registry.npmjs.org/brace-expansion/-/brace-expansion-1.1.8.tgz",
      "integrity": "sha1-wHshHHyVLsH479Uad+8NHTmQopI=",
      "dependencies": {
        "balanced-match": {
          "version": "1.0.0",
          "resolved": "https://registry.npmjs.org/balanced-match/-/balanced-match-1.0.0.tgz",
          "integrity": "sha1-ibTRmasr7kneFk6gK4nORi1xt2c="
        }
      }
    },
    "braces": {
      "version": "2.2.2",
      "resolved": "https://registry.npmjs.org/braces/-/braces-2.2.2.tgz",
      "integrity": "sha1-JB+GjCsmkNn+vu5afIP7vyXQCxs="
    },
    "brorand": {
      "version": "1.1.0",
      "resolved": "https://registry.npmjs.org/brorand/-/brorand-1.1.0.tgz",
      "integrity": "sha1-EsJe/kCkXjwyPrhnWgoM5XsiNx8="
    },
    "browserify-aes": {
      "version": "1.0.6",
      "resolved": "https://registry.npmjs.org/browserify-aes/-/browserify-aes-1.0.6.tgz",
      "integrity": "sha1-Xncl297x/Vkw1OurSFZ85FHEigo="
    },
    "browserify-cipher": {
      "version": "1.0.0",
      "resolved": "https://registry.npmjs.org/browserify-cipher/-/browserify-cipher-1.0.0.tgz",
      "integrity": "sha1-mYgkSHS/XtTijalWZtzWasj8Njo="
    },
    "browserify-des": {
      "version": "1.0.0",
      "resolved": "https://registry.npmjs.org/browserify-des/-/browserify-des-1.0.0.tgz",
      "integrity": "sha1-2qJ3cXRwki7S/hhZQRihdUOXId0="
    },
    "browserify-rsa": {
      "version": "4.0.1",
      "resolved": "https://registry.npmjs.org/browserify-rsa/-/browserify-rsa-4.0.1.tgz",
      "integrity": "sha1-IeCr+vbyApzy+vsTNWenAdQTVSQ="
    },
    "browserify-sign": {
      "version": "4.0.4",
      "resolved": "https://registry.npmjs.org/browserify-sign/-/browserify-sign-4.0.4.tgz",
      "integrity": "sha1-qk62jl17ZYuqa/alfmMMvXqT0pg="
    },
    "browserify-zlib": {
      "version": "0.1.4",
      "resolved": "https://registry.npmjs.org/browserify-zlib/-/browserify-zlib-0.1.4.tgz",
      "integrity": "sha1-uzX4pRn2AOD6a4SFJByXnQFB+y0="
    },
    "browserslist": {
      "version": "2.1.5",
      "resolved": "https://registry.npmjs.org/browserslist/-/browserslist-2.1.5.tgz",
      "integrity": "sha1-6IJVDfPRzW1IHBo+ADjyuvE6RxE="
    },
    "buffer": {
      "version": "4.9.1",
      "resolved": "https://registry.npmjs.org/buffer/-/buffer-4.9.1.tgz",
      "integrity": "sha1-bRu2AbB6TvztlwlBMgkwJ8lbwpg="
    },
    "buffer-indexof": {
      "version": "1.1.0",
      "resolved": "https://registry.npmjs.org/buffer-indexof/-/buffer-indexof-1.1.0.tgz",
      "integrity": "sha1-9U9kfE9OJSKLqmVqLlfkPV8nCYI="
    },
    "buffer-xor": {
      "version": "1.0.3",
      "resolved": "https://registry.npmjs.org/buffer-xor/-/buffer-xor-1.0.3.tgz",
      "integrity": "sha1-JuYe0UIvtw3ULm42cp7VHYVf6Nk="
    },
    "builtin-modules": {
      "version": "1.1.1",
      "resolved": "https://registry.npmjs.org/builtin-modules/-/builtin-modules-1.1.1.tgz",
      "integrity": "sha1-Jw8HbFpywC9bZaR9+Uxf46J4iS8="
    },
    "builtin-status-codes": {
      "version": "3.0.0",
      "resolved": "https://registry.npmjs.org/builtin-status-codes/-/builtin-status-codes-3.0.0.tgz",
      "integrity": "sha1-hZgoeOIbmOHGZCXgPQF0eI9Wnug="
    },
    "bytes": {
      "version": "2.3.0",
      "resolved": "https://registry.npmjs.org/bytes/-/bytes-2.3.0.tgz",
      "integrity": "sha1-1baAoWW2IBc5rLYRVCqrwtjOsHA="
    },
    "cache-base": {
      "version": "0.8.5",
      "resolved": "https://registry.npmjs.org/cache-base/-/cache-base-0.8.5.tgz",
      "integrity": "sha1-YM6zUEAh7O7HAR/TOEt/TpVym/o="
    },
    "camel-case": {
      "version": "3.0.0",
      "resolved": "https://registry.npmjs.org/camel-case/-/camel-case-3.0.0.tgz",
      "integrity": "sha1-yjw2iKTpzzpM2nd9xNy8cTJJz3M="
    },
    "camelcase": {
      "version": "1.2.1",
      "resolved": "https://registry.npmjs.org/camelcase/-/camelcase-1.2.1.tgz",
      "integrity": "sha1-m7UwTS4LVmmLLHWLCKPqqdqlijk="
    },
    "camelcase-keys": {
      "version": "2.1.0",
      "resolved": "https://registry.npmjs.org/camelcase-keys/-/camelcase-keys-2.1.0.tgz",
      "integrity": "sha1-MIvur/3ygRkFHvodkyITyRuPkuc=",
      "dependencies": {
        "camelcase": {
          "version": "2.1.1",
          "resolved": "https://registry.npmjs.org/camelcase/-/camelcase-2.1.1.tgz",
          "integrity": "sha1-fB0W1nmhu+WcoCys7PsBHiAfWh8="
        }
      }
    },
    "caniuse-api": {
      "version": "1.6.1",
      "resolved": "https://registry.npmjs.org/caniuse-api/-/caniuse-api-1.6.1.tgz",
      "integrity": "sha1-tTTnxzTE+B7F++isoq0kNUuWLGw=",
      "dependencies": {
        "browserslist": {
          "version": "1.7.7",
          "resolved": "https://registry.npmjs.org/browserslist/-/browserslist-1.7.7.tgz",
          "integrity": "sha1-C9dnBCWL6CmyOYu1Dkti0aFmsLk="
        }
      }
    },
    "caniuse-db": {
      "version": "1.0.30000696",
      "resolved": "https://registry.npmjs.org/caniuse-db/-/caniuse-db-1.0.30000696.tgz",
      "integrity": "sha1-5x9cYeH5bHo69OeRrF21XhFzdgQ="
    },
    "caniuse-lite": {
      "version": "1.0.30000696",
      "resolved": "https://registry.npmjs.org/caniuse-lite/-/caniuse-lite-1.0.30000696.tgz",
      "integrity": "sha1-MPJpXSoBoN/XeaJquD9NE0s9pcw="
    },
    "caseless": {
      "version": "0.12.0",
      "resolved": "https://registry.npmjs.org/caseless/-/caseless-0.12.0.tgz",
      "integrity": "sha1-G2gcIf+EAzyCZUMJBolCDRhxUdw="
    },
    "center-align": {
      "version": "0.1.3",
      "resolved": "https://registry.npmjs.org/center-align/-/center-align-0.1.3.tgz",
      "integrity": "sha1-qg0yYptu6XIgBBHL1EYckHvCt60=",
      "dependencies": {
        "lazy-cache": {
          "version": "1.0.4",
          "resolved": "https://registry.npmjs.org/lazy-cache/-/lazy-cache-1.0.4.tgz",
          "integrity": "sha1-odePw6UEdMuAhF07O24dpJpEbo4="
        }
      }
    },
    "chalk": {
      "version": "2.0.1",
      "resolved": "https://registry.npmjs.org/chalk/-/chalk-2.0.1.tgz",
      "integrity": "sha512-Mp+FXEI+FrwY/XYV45b2YD3E8i3HwnEAoFcM0qlZzq/RZ9RwWitt2Y/c7cqRAz70U7hfekqx6qNYthuKFO6K0g=="
    },
    "chokidar": {
      "version": "1.7.0",
      "resolved": "https://registry.npmjs.org/chokidar/-/chokidar-1.7.0.tgz",
      "integrity": "sha1-eY5ol3gVHIB2tLNg5e3SjNortGg="
    },
    "cipher-base": {
      "version": "1.0.3",
      "resolved": "https://registry.npmjs.org/cipher-base/-/cipher-base-1.0.3.tgz",
      "integrity": "sha1-7qvxlEGc6QDaMBjCB9IS8qbfCgc="
    },
    "clap": {
      "version": "1.2.0",
      "resolved": "https://registry.npmjs.org/clap/-/clap-1.2.0.tgz",
      "integrity": "sha1-WckP4+E3EEdG/xlGmiemNP9oyFc=",
      "dependencies": {
        "ansi-styles": {
          "version": "2.2.1",
          "resolved": "https://registry.npmjs.org/ansi-styles/-/ansi-styles-2.2.1.tgz",
          "integrity": "sha1-tDLdM1i2NM914eRmQ2gkBTPB3b4="
        },
        "chalk": {
          "version": "1.1.3",
          "resolved": "https://registry.npmjs.org/chalk/-/chalk-1.1.3.tgz",
          "integrity": "sha1-qBFcVeSnAv5NFQq9OHKCKn4J/Jg="
        },
        "supports-color": {
          "version": "2.0.0",
          "resolved": "https://registry.npmjs.org/supports-color/-/supports-color-2.0.0.tgz",
          "integrity": "sha1-U10EXOa2Nj+kARcIRimZXp3zJMc="
        }
      }
    },
    "class-utils": {
      "version": 